
Microsoft Visual Studio Solution File, Format Version 12.00
# Visual Studio Version 16
VisualStudioVersion = 16.0.37327.17
MinimumVisualStudioVersion = 10.0.40219.1
Project("{FAE04EC0-301F-11D3-BF4B-00C04F79EFBC}") = "Companion Start", "Companion Start\Companion Start.csproj", "{2122B6FF-9E7C-48BE-AE1A-7C69FD995970}"
EndProject
Global
	GlobalSection(SolutionConfigurationPlatforms) = preSolution
		Debug|Any CPU = Debug|Any CPU
		Release|Any CPU = Release|Any CPU
	EndGlobalSection
	GlobalSection(ProjectConfigurationPlatforms) = postSolution
		{2122B6FF-9E7C-48BE-AE1A-7C69FD995970}.Debug|Any CPU.ActiveCfg = Debug|Any CPU
		{2122B6FF-9E7C-48BE-AE1A-7C69FD995970}.Debug|Any CPU.Build.0 = Debug|Any CPU
		{2122B6FF-9E7C-48BE-AE1A-7C69FD995970}.Release|Any CPU.ActiveCfg = Release|Any CPU
		{2122B6FF-9E7C-48BE-AE1A-7C69FD995970}.Release|Any CPU.Build.0 = Release|Any CPU
	EndGlobalSection
	GlobalSection(SolutionProperties) = preSolution
		HideSolutionNode = FALSE
	EndGlobalSection
	GlobalSection(ExtensibilityGlobals) = postSolution
		SolutionGuid = {FC98DD7D-91BA-4544-ABD2-DEB3819B0373}
	EndGlobalSection
EndGlobal
